// !$*UTF8*$!
{
	archiveVersion = 1;
	classes = {
	};
	objectVersion = 46;
	objects = {

/* Begin PBXBuildFile section */
		1F5A0000197EF4B0006980B8 /* PointAlongViewController.swift in Sources */ = {isa = PBXBuildFile; fileRef = 1F5AFFFE197EF4B0006980B8 /* PointAlongViewController.swift */; };
		1F5A0001197EF4B0006980B8 /* PointAlongViewController.xib in Resources */ = {isa = PBXBuildFile; fileRef = 1F5AFFFF197EF4B0006980B8 /* PointAlongViewController.xib */; };
		1F5DF0E5197EE96E0060633D /* MainViewController.swift in Sources */ = {isa = PBXBuildFile; fileRef = 1F5DF0E4197EE96E0060633D /* MainViewController.swift */; };
		1F689026197EEB7D00D256E2 /* SimpleMapViewController.swift in Sources */ = {isa = PBXBuildFile; fileRef = 1F689024197EEB7D00D256E2 /* SimpleMapViewController.swift */; };
		1F689027197EEB7D00D256E2 /* SimpleMapViewController.xib in Resources */ = {isa = PBXBuildFile; fileRef = 1F689025197EEB7D00D256E2 /* SimpleMapViewController.xib */; };
		1F845BE7197EE8A4009ECD87 /* AppDelegate.swift in Sources */ = {isa = PBXBuildFile; fileRef = 1F845BE6197EE8A4009ECD87 /* AppDelegate.swift */; };
		1F845BEE197EE8A4009ECD87 /* Images.xcassets in Resources */ = {isa = PBXBuildFile; fileRef = 1F845BED197EE8A4009ECD87 /* Images.xcassets */; };
		1F845BFA197EE8A5009ECD87 /* swift_samplesTests.swift in Sources */ = {isa = PBXBuildFile; fileRef = 1F845BF9197EE8A5009ECD87 /* swift_samplesTests.swift */; };
/* End PBXBuildFile section */

/* Begin PBXContainerItemProxy section */
		1F845BF4197EE8A5009ECD87 /* PBXContainerItemProxy */ = {
			isa = PBXContainerItemProxy;
			containerPortal = 1F845BD9197EE8A4009ECD87 /* Project object */;
			proxyType = 1;
			remoteGlobalIDString = 1F845BE0197EE8A4009ECD87;
			remoteInfo = "swift-samples";
		};
/* End PBXContainerItemProxy section */

/* Begin PBXFileReference section */
		1F5AFFFE197EF4B0006980B8 /* PointAlongViewController.swift */ = {isa = PBXFileReference; fileEncoding = 4; lastKnownFileType = sourcecode.swift; path = PointAlongViewController.swift; sourceTree = "<group>"; };
		1F5AFFFF197EF4B0006980B8 /* PointAlongViewController.xib */ = {isa = PBXFileReference; fileEncoding = 4; lastKnownFileType = file.xib; path = PointAlongViewController.xib; sourceTree = "<group>"; };
		1F5DF0E4197EE96E0060633D /* MainViewController.swift */ = {isa = PBXFileReference; fileEncoding = 4; lastKnownFileType = sourcecode.swift; path = MainViewController.swift; sourceTree = "<group>"; };
		1F689024197EEB7D00D256E2 /* SimpleMapViewController.swift */ = {isa = PBXFileReference; fileEncoding = 4; lastKnownFileType = sourcecode.swift; path = SimpleMapViewController.swift; sourceTree = "<group>"; };
		1F689025197EEB7D00D256E2 /* SimpleMapViewController.xib */ = {isa = PBXFileReference; fileEncoding = 4; lastKnownFileType = file.xib; path = SimpleMapViewController.xib; sourceTree = "<group>"; };
		1F845BE1197EE8A4009ECD87 /* swift-samples.app */ = {isa = PBXFileReference; explicitFileType = wrapper.application; includeInIndex = 0; path = "swift-samples.app"; sourceTree = BUILT_PRODUCTS_DIR; };
		1F845BE5197EE8A4009ECD87 /* Info.plist */ = {isa = PBXFileReference; lastKnownFileType = text.plist.xml; path = Info.plist; sourceTree = "<group>"; };
		1F845BE6197EE8A4009ECD87 /* AppDelegate.swift */ = {isa = PBXFileReference; lastKnownFileType = sourcecode.swift; path = AppDelegate.swift; sourceTree = "<group>"; };
		1F845BED197EE8A4009ECD87 /* Images.xcassets */ = {isa = PBXFileReference; lastKnownFileType = folder.assetcatalog; path = Images.xcassets; sourceTree = "<group>"; };
		1F845BF3197EE8A5009ECD87 /* swift-samplesTests.xctest */ = {isa = PBXFileReference; explicitFileType = wrapper.cfbundle; includeInIndex = 0; path = "swift-samplesTests.xctest"; sourceTree = BUILT_PRODUCTS_DIR; };
		1F845BF8197EE8A5009ECD87 /* Info.plist */ = {isa = PBXFileReference; lastKnownFileType = text.plist.xml; path = Info.plist; sourceTree = "<group>"; };
		1F845BF9197EE8A5009ECD87 /* swift_samplesTests.swift */ = {isa = PBXFileReference; lastKnownFileType = sourcecode.swift; path = swift_samplesTests.swift; sourceTree = "<group>"; };
/* End PBXFileReference section */

/* Begin PBXFrameworksBuildPhase section */
		1F845BDE197EE8A4009ECD87 /* Frameworks */ = {
			isa = PBXFrameworksBuildPhase;
			buildActionMask = 2147483647;
			files = (
			);
			runOnlyForDeploymentPostprocessing = 0;
		};
		1F845BF0197EE8A5009ECD87 /* Frameworks */ = {
			isa = PBXFrameworksBuildPhase;
			buildActionMask = 2147483647;
			files = (
			);
			runOnlyForDeploymentPostprocessing = 0;
		};
/* End PBXFrameworksBuildPhase section */

/* Begin PBXGroup section */
		1F845BD8197EE8A4009ECD87 = {
			isa = PBXGroup;
			children = (
				1F845BE3197EE8A4009ECD87 /* swift-samples */,
				1F845BF6197EE8A5009ECD87 /* swift-samplesTests */,
				1F845BE2197EE8A4009ECD87 /* Products */,
			);
			sourceTree = "<group>";
		};
		1F845BE2197EE8A4009ECD87 /* Products */ = {
			isa = PBXGroup;
			children = (
				1F845BE1197EE8A4009ECD87 /* swift-samples.app */,
				1F845BF3197EE8A5009ECD87 /* swift-samplesTests.xctest */,
			);
			name = Products;
			sourceTree = "<group>";
		};
		1F845BE3197EE8A4009ECD87 /* swift-samples */ = {
			isa = PBXGroup;
			children = (
				1F845BE6197EE8A4009ECD87 /* AppDelegate.swift */,
				1F845BED197EE8A4009ECD87 /* Images.xcassets */,
				1F845BE4197EE8A4009ECD87 /* Supporting Files */,
				1F5DF0E4197EE96E0060633D /* MainViewController.swift */,
				1F689024197EEB7D00D256E2 /* SimpleMapViewController.swift */,
				1F689025197EEB7D00D256E2 /* SimpleMapViewController.xib */,
				1F5AFFFE197EF4B0006980B8 /* PointAlongViewController.swift */,
				1F5AFFFF197EF4B0006980B8 /* PointAlongViewController.xib */,
			);
			path = "swift-samples";
			sourceTree = "<group>";
		};
		1F845BE4197EE8A4009ECD87 /* Supporting Files */ = {
			isa = PBXGroup;
			children = (
				1F845BE5197EE8A4009ECD87 /* Info.plist */,
			);
			name = "Supporting Files";
			sourceTree = "<group>";
		};
		1F845BF6197EE8A5009ECD87 /* swift-samplesTests */ = {
			isa = PBXGroup;
			children = (
				1F845BF9197EE8A5009ECD87 /* swift_samplesTests.swift */,
				1F845BF7197EE8A5009ECD87 /* Supporting Files */,
			);
			path = "swift-samplesTests";
			sourceTree = "<group>";
		};
		1F845BF7197EE8A5009ECD87 /* Supporting Files */ = {
			isa = PBXGroup;
			children = (
				1F845BF8197EE8A5009ECD87 /* Info.plist */,
			);
			name = "Supporting Files";
			sourceTree = "<group>";
		};
/* End PBXGroup section */

/* Begin PBXNativeTarget section */
		1F845BE0197EE8A4009ECD87 /* swift-samples */ = {
			isa = PBXNativeTarget;
			buildConfigurationList = 1F845BFD197EE8A5009ECD87 /* Build configuration list for PBXNativeTarget "swift-samples" */;
			buildPhases = (
				1F845BDD197EE8A4009ECD87 /* Sources */,
				1F845BDE197EE8A4009ECD87 /* Frameworks */,
				1F845BDF197EE8A4009ECD87 /* Resources */,
			);
			buildRules = (
			);
			dependencies = (
			);
			name = "swift-samples";
			productName = "swift-samples";
			productReference = 1F845BE1197EE8A4009ECD87 /* swift-samples.app */;
			productType = "com.apple.product-type.application";
		};
		1F845BF2197EE8A5009ECD87 /* swift-samplesTests */ = {
			isa = PBXNativeTarget;
			buildConfigurationList = 1F845C00197EE8A5009ECD87 /* Build configuration list for PBXNativeTarget "swift-samplesTests" */;
			buildPhases = (
				1F845BEF197EE8A5009ECD87 /* Sources */,
				1F845BF0197EE8A5009ECD87 /* Frameworks */,
				1F845BF1197EE8A5009ECD87 /* Resources */,
			);
			buildRules = (
			);
			dependencies = (
				1F845BF5197EE8A5009ECD87 /* PBXTargetDependency */,
			);
			name = "swift-samplesTests";
			productName = "swift-samplesTests";
			productReference = 1F845BF3197EE8A5009ECD87 /* swift-samplesTests.xctest */;
			productType = "com.apple.product-type.bundle.unit-test";
		};
/* End PBXNativeTarget section */

/* Begin PBXProject section */
		1F845BD9197EE8A4009ECD87 /* Project object */ = {
			isa = PBXProject;
			attributes = {
				LastUpgradeCheck = 0600;
				ORGANIZATIONNAME = Esri;
				TargetAttributes = {
					1F845BE0197EE8A4009ECD87 = {
						CreatedOnToolsVersion = 6.0;
					};
					1F845BF2197EE8A5009ECD87 = {
						CreatedOnToolsVersion = 6.0;
						TestTargetID = 1F845BE0197EE8A4009ECD87;
					};
				};
			};
			buildConfigurationList = 1F845BDC197EE8A4009ECD87 /* Build configuration list for PBXProject "swift-samples" */;
			compatibilityVersion = "Xcode 3.2";
			developmentRegion = English;
			hasScannedForEncodings = 0;
			knownRegions = (
				en,
				Base,
			);
			mainGroup = 1F845BD8197EE8A4009ECD87;
			productRefGroup = 1F845BE2197EE8A4009ECD87 /* Products */;
			projectDirPath = "";
			projectRoot = "";
			targets = (
				1F845BE0197EE8A4009ECD87 /* swift-samples */,
				1F845BF2197EE8A5009ECD87 /* swift-samplesTests */,
			);
		};
/* End PBXProject section */

/* Begin PBXResourcesBuildPhase section */
		1F845BDF197EE8A4009ECD87 /* Resources */ = {
			isa = PBXResourcesBuildPhase;
			buildActionMask = 2147483647;
			files = (
				1F845BEE197EE8A4009ECD87 /* Images.xcassets in Resources */,
				1F689027197EEB7D00D256E2 /* SimpleMapViewController.xib in Resources */,
				1F5A0001197EF4B0006980B8 /* PointAlongViewController.xib in Resources */,
			);
			runOnlyForDeploymentPostprocessing = 0;
		};
		1F845BF1197EE8A5009ECD87 /* Resources */ = {
			isa = PBXResourcesBuildPhase;
			buildActionMask = 2147483647;
			files = (
			);
			runOnlyForDeploymentPostprocessing = 0;
		};
/* End PBXResourcesBuildPhase section */

/* Begin PBXSourcesBuildPhase section */
		1F845BDD197EE8A4009ECD87 /* Sources */ = {
			isa = PBXSourcesBuildPhase;
			buildActionMask = 2147483647;
			files = (
				1F689026197EEB7D00D256E2 /* SimpleMapViewController.swift in Sources */,
				1F845BE7197EE8A4009ECD87 /* AppDelegate.swift in Sources */,
				1F5DF0E5197EE96E0060633D /* MainViewController.swift in Sources */,
				1F5A0000197EF4B0006980B8 /* PointAlongViewController.swift in Sources */,
			);
			runOnlyForDeploymentPostprocessing = 0;
		};
		1F845BEF197EE8A5009ECD87 /* Sources */ = {
			isa = PBXSourcesBuildPhase;
			buildActionMask = 2147483647;
			files = (
				1F845BFA197EE8A5009ECD87 /* swift_samplesTests.swift in Sources */,
			);
			runOnlyForDeploymentPostprocessing = 0;
		};
/* End PBXSourcesBuildPhase section */

/* Begin PBXTargetDependency section */
		1F845BF5197EE8A5009ECD87 /* PBXTargetDependency */ = {
			isa = PBXTargetDependency;
			target = 1F845BE0197EE8A4009ECD87 /* swift-samples */;
			targetProxy = 1F845BF4197EE8A5009ECD87 /* PBXContainerItemProxy */;
		};
/* End PBXTargetDependency section */

/* Begin XCBuildConfiguration section */
		1F845BFB197EE8A5009ECD87 /* Debug */ = {
			isa = XCBuildConfiguration;
			buildSettings = {
				ALWAYS_SEARCH_USER_PATHS = NO;
				CLANG_CXX_LANGUAGE_STANDARD = "gnu++0x";
				CLANG_CXX_LIBRARY = "libc++";
				CLANG_ENABLE_MODULES = YES;
				CLANG_ENABLE_OBJC_ARC = YES;
				CLANG_WARN_BOOL_CONVERSION = YES;
				CLANG_WARN_CONSTANT_CONVERSION = YES;
				CLANG_WARN_DIRECT_OBJC_ISA_USAGE = YES_ERROR;
				CLANG_WARN_EMPTY_BODY = YES;
				CLANG_WARN_ENUM_CONVERSION = YES;
				CLANG_WARN_INT_CONVERSION = YES;
				CLANG_WARN_OBJC_ROOT_CLASS = YES_ERROR;
				CLANG_WARN_UNREACHABLE_CODE = YES;
				CLANG_WARN__DUPLICATE_METHOD_MATCH = YES;
				"CODE_SIGN_IDENTITY[sdk=iphoneos*]" = "iPhone Developer";
				COPY_PHASE_STRIP = NO;
				ENABLE_STRICT_OBJC_MSGSEND = YES;
				GCC_C_LANGUAGE_STANDARD = gnu99;
				GCC_DYNAMIC_NO_PIC = NO;
				GCC_OPTIMIZATION_LEVEL = 0;
				GCC_PREPROCESSOR_DEFINITIONS = (
					"DEBUG=1",
					"$(inherited)",
				);
				GCC_SYMBOLS_PRIVATE_EXTERN = NO;
				GCC_WARN_64_TO_32_BIT_CONVERSION = YES;
				GCC_WARN_ABOUT_RETURN_TYPE = YES_ERROR;
				GCC_WARN_UNDECLARED_SELECTOR = YES;
				GCC_WARN_UNINITIALIZED_AUTOS = YES_AGGRESSIVE;
				GCC_WARN_UNUSED_FUNCTION = YES;
				GCC_WARN_UNUSED_VARIABLE = YES;
				IPHONEOS_DEPLOYMENT_TARGET = 8.0;
				MTL_ENABLE_DEBUG_INFO = YES;
				ONLY_ACTIVE_ARCH = YES;
				SDKROOT = iphoneos;
				SWIFT_OPTIMIZATION_LEVEL = "-Onone";
				TARGETED_DEVICE_FAMILY = "1,2";
			};
			name = Debug;
		};
		1F845BFC197EE8A5009ECD87 /* Release */ = {
			isa = XCBuildConfiguration;
			buildSettings = {
				ALWAYS_SEARCH_USER_PATHS = NO;
				CLANG_CXX_LANGUAGE_STANDARD = "gnu++0x";
				CLANG_CXX_LIBRARY = "libc++";
				CLANG_ENABLE_MODULES = YES;
				CLANG_ENABLE_OBJC_ARC = YES;
				CLANG_WARN_BOOL_CONVERSION = YES;
				CLANG_WARN_CONSTANT_CONVERSION = YES;
				CLANG_WARN_DIRECT_OBJC_ISA_USAGE = YES_ERROR;
				CLANG_WARN_EMPTY_BODY = YES;
				CLANG_WARN_ENUM_CONVERSION = YES;
				CLANG_WARN_INT_CONVERSION = YES;
				CLANG_WARN_OBJC_ROOT_CLASS = YES_ERROR;
				CLANG_WARN_UNREACHABLE_CODE = YES;
				CLANG_WARN__DUPLICATE_METHOD_MATCH = YES;
				"CODE_SIGN_IDENTITY[sdk=iphoneos*]" = "iPhone Developer";
				COPY_PHASE_STRIP = YES;
				ENABLE_NS_ASSERTIONS = NO;
				ENABLE_STRICT_OBJC_MSGSEND = YES;
				GCC_C_LANGUAGE_STANDARD = gnu99;
				GCC_WARN_64_TO_32_BIT_CONVERSION = YES;
				GCC_WARN_ABOUT_RETURN_TYPE = YES_ERROR;
				GCC_WARN_UNDECLARED_SELECTOR = YES;
				GCC_WARN_UNINITIALIZED_AUTOS = YES_AGGRESSIVE;
				GCC_WARN_UNUSED_FUNCTION = YES;
				GCC_WARN_UNUSED_VARIABLE = YES;
				IPHONEOS_DEPLOYMENT_TARGET = 8.0;
				MTL_ENABLE_DEBUG_INFO = NO;
				SDKROOT = iphoneos;
				TARGETED_DEVICE_FAMILY = "1,2";
				VALIDATE_PRODUCT = YES;
			};
			name = Release;
		};
		1F845BFE197EE8A5009ECD87 /* Debug */ = {
			isa = XCBuildConfiguration;
			buildSettings = {
				ASSETCATALOG_COMPILER_APPICON_NAME = AppIcon;
				ASSETCATALOG_COMPILER_LAUNCHIMAGE_NAME = LaunchImage;
				FRAMEWORK_SEARCH_PATHS = "~/Library/SDKs/ArcGIS/iOS";
				INFOPLIST_FILE = "swift-samples/Info.plist";
				IPHONEOS_DEPLOYMENT_TARGET = 7.1;
				LD_RUNPATH_SEARCH_PATHS = "$(inherited) @executable_path/Frameworks";
				OTHER_LDFLAGS = (
					"-framework",
					ArcGIS,
					"-ObjC",
					"-l",
					"c++",
				);
				PRODUCT_NAME = "$(TARGET_NAME)";
			};
			name = Debug;
		};
		1F845BFF197EE8A5009ECD87 /* Release */ = {
			isa = XCBuildConfiguration;
			buildSettings = {
				ASSETCATALOG_COMPILER_APPICON_NAME = AppIcon;
				ASSETCATALOG_COMPILER_LAUNCHIMAGE_NAME = LaunchImage;
				FRAMEWORK_SEARCH_PATHS = "~/Library/SDKs/ArcGIS/iOS";
				INFOPLIST_FILE = "swift-samples/Info.plist";
				IPHONEOS_DEPLOYMENT_TARGET = 7.1;
				LD_RUNPATH_SEARCH_PATHS = "$(inherited) @executable_path/Frameworks";
				OTHER_LDFLAGS = (
					"-framework",
					ArcGIS,
					"-ObjC",
					"-l",
					"c++",
				);
				PRODUCT_NAME = "$(TARGET_NAME)";
			};
			name = Release;
		};
		1F845C01197EE8A5009ECD87 /* Debug */ = {
			isa = XCBuildConfiguration;
			buildSettings = {
				BUNDLE_LOADER = "$(BUILT_PRODUCTS_DIR)/swift-samples.app/swift-samples";
				FRAMEWORK_SEARCH_PATHS = (
					"$(SDKROOT)/Developer/Library/Frameworks",
					"$(inherited)",
				);
				GCC_PREPROCESSOR_DEFINITIONS = (
					"DEBUG=1",
					"$(inherited)",
				);
				INFOPLIST_FILE = "swift-samplesTests/Info.plist";
				LD_RUNPATH_SEARCH_PATHS = "$(inherited) @executable_path/Frameworks @loader_path/Frameworks";
				PRODUCT_NAME = "$(TARGET_NAME)";
				TEST_HOST = "$(BUNDLE_LOADER)";
			};
			name = Debug;
		};
		1F845C02197EE8A5009ECD87 /* Release */ = {
			isa = XCBuildConfiguration;
			buildSettings = {
				BUNDLE_LOADER = "$(BUILT_PRODUCTS_DIR)/swift-samples.app/swift-samples";
				FRAMEWORK_SEARCH_PATHS = (
					"$(SDKROOT)/Developer/Library/Frameworks",
					"$(inherited)",
				);
				INFOPLIST_FILE = "swift-samplesTests/Info.plist";
				LD_RUNPATH_SEARCH_PATHS = "$(inherited) @executable_path/Frameworks @loader_path/Frameworks";
				PRODUCT_NAME = "$(TARGET_NAME)";
				TEST_HOST = "$(BUNDLE_LOADER)";
			};
			name = Release;
		};
/* End XCBuildConfiguration section */

/* Begin XCConfigurationList section */
		1F845BDC197EE8A4009ECD87 /* Build configuration list for PBXProject "swift-samples" */ = {
			isa = XCConfigurationList;
			buildConfigurations = (
				1F845BFB197EE8A5009ECD87 /* Debug */,
				1F845BFC197EE8A5009ECD87 /* Release */,
			);
			defaultConfigurationIsVisible = 0;
			defaultConfigurationName = Release;
		};
		1F845BFD197EE8A5009ECD87 /* Build configuration list for PBXNativeTarget "swift-samples" */ = {
			isa = XCConfigurationList;
			buildConfigurations = (
				1F845BFE197EE8A5009ECD87 /* Debug */,
				1F845BFF197EE8A5009ECD87 /* Release */,
			);
			defaultConfigurationIsVisible = 0;
			defaultConfigurationName = Release;
		};
		1F845C00197EE8A5009ECD87 /* Build configuration list for PBXNativeTarget "swift-samplesTests" */ = {
			isa = XCConfigurationList;
			buildConfigurations = (
				1F845C01197EE8A5009ECD87 /* Debug */,
				1F845C02197EE8A5009ECD87 /* Release */,
			);
			defaultConfigurationIsVisible = 0;
			defaultConfigurationName = Release;
		};
/* End XCConfigurationList section */
	};
	rootObject = 1F845BD9197EE8A4009ECD87 /* Project object */;
}
